
Microsoft Visual Studio Solution File, Format Version 12.00
# Visual Studio 15
VisualStudioVersion = 15.0.28010.2016
MinimumVisualStudioVersion = 10.0.40219.1
Project("{FAE04EC0-301F-11D3-BF4B-00C04F79EFBC}") = "TouchPanel.Android", "TouchPanel\TouchPanel.Android\TouchPanel.Android.csproj", "{13DDB37F-2C5A-4B56-8A6F-3362DF2F585B}"
EndProject
Project("{9A19103F-16F7-4668-BE54-9A1E7A4F7556}") = "TouchPanel", "TouchPanel\TouchPanel\TouchPanel.csproj", "{134BAA20-9436-4260-B81D-3EB61583C8C5}"
EndProject
Global
	GlobalSection(SolutionConfigurationPlatforms) = preSolution
		Debug|Any CPU = Debug|Any CPU
		Release|Any CPU = Release|Any CPU
	EndGlobalSection
	GlobalSection(ProjectConfigurationPlatforms) = postSolution
		{13DDB37F-2C5A-4B56-8A6F-3362DF2F585B}.Debug|Any CPU.ActiveCfg = Debug|Any CPU
		{13DDB37F-2C5A-4B56-8A6F-3362DF2F585B}.Debug|Any CPU.Build.0 = Debug|Any CPU
		{13DDB37F-2C5A-4B56-8A6F-3362DF2F585B}.Debug|Any CPU.Deploy.0 = Debug|Any CPU
		{13DDB37F-2C5A-4B56-8A6F-3362DF2F585B}.Release|Any CPU.ActiveCfg = Release|Any CPU
		{13DDB37F-2C5A-4B56-8A6F-3362DF2F585B}.Release|Any CPU.Build.0 = Release|Any CPU
		{13DDB37F-2C5A-4B56-8A6F-3362DF2F585B}.Release|Any CPU.Deploy.0 = Release|Any CPU
		{134BAA20-9436-4260-B81D-3EB61583C8C5}.Debug|Any CPU.ActiveCfg = Debug|Any CPU
		{134BAA20-9436-4260-B81D-3EB61583C8C5}.Debug|Any CPU.Build.0 = Debug|Any CPU
		{134BAA20-9436-4260-B81D-3EB61583C8C5}.Debug|Any CPU.Deploy.0 = Debug|Any CPU
		{134BAA20-9436-4260-B81D-3EB61583C8C5}.Release|Any CPU.ActiveCfg = Release|Any CPU
		{134BAA20-9436-4260-B81D-3EB61583C8C5}.Release|Any CPU.Build.0 = Release|Any CPU
		{134BAA20-9436-4260-B81D-3EB61583C8C5}.Release|Any CPU.Deploy.0 = Release|Any CPU
	EndGlobalSection
	GlobalSection(SolutionProperties) = preSolution
		HideSolutionNode = FALSE
	EndGlobalSection
	GlobalSection(ExtensibilityGlobals) = postSolution
		SolutionGuid = {FD6EC8AA-1CED-4A9F-B9DE-46E26EDF9E77}
	EndGlobalSection
EndGlobal
